PODS:
  - AppAuth (1.4.0):
    - AppAuth/Core (= 1.4.0)
    - AppAuth/ExternalUserAgent (= 1.4.0)
  - AppAuth/Core (1.4.0)
  - AppAuth/ExternalUserAgent (1.4.0)
  - boost (1.76.0)
  - CocoaAsyncSocket (7.6.5)
  - DoubleConversion (1.1.6)
  - EXConstants (11.0.2):
    - ExpoModulesCore
    - UMCore
  - EXFileSystem (11.1.3):
    - ExpoModulesCore
    - UMCore
  - EXImageLoader (2.2.0):
    - ExpoModulesCore
    - React-Core
    - UMCore
  - ExpoModulesCore (0.2.0):
    - ExpoModulesCore/Core (= 0.2.0)
    - ExpoModulesCore/Interfaces (= 0.2.0)
    - UMCore
  - ExpoModulesCore/Core (0.2.0):
    - UMCore
  - ExpoModulesCore/Interfaces (0.2.0):
    - ExpoModulesCore/Core
    - UMCore
  - EXSecureStore (10.2.0):
    - UMCore
  - FBLazyVector (0.66.0)
  - FBReactNativeSpec (0.66.0):
    - RCT-Folly (= 2021.06.28.00-v2)
    - RCTRequired (= 0.66.0)
    - RCTTypeSafety (= 0.66.0)
    - React-Core (= 0.66.0)
    - React-jsi (= 0.66.0)
    - ReactCommon/turbomodule/core (= 0.66.0)
  - Firebase/CoreOnly (8.8.0):
    - FirebaseCore (= 8.8.0)
  - FirebaseCore (8.8.0):
    - FirebaseCoreDiagnostics (~> 8.0)
    - GoogleUtilities/Environment (~> 7.4)
    - GoogleUtilities/Logger (~> 7.4)
  - FirebaseCoreDiagnostics (8.15.0):
    - GoogleDataTransport (~> 9.1)
    - GoogleUtilities/Environment (~> 7.7)
    - GoogleUtilities/Logger (~> 7.7)
    - nanopb (~> 2.30908.0)
  - Flipper (0.147.1):
    - Flipper-Folly (~> 2.6)
  - Flipper-Boost-iOSX (1.76.0.1.11)
  - Flipper-DoubleConversion (3.1.7)
  - Flipper-Fmt (7.1.7)
  - Flipper-Folly (2.6.7):
    - Flipper-Boost-iOSX
    - Flipper-DoubleConversion
    - Flipper-Fmt (= 7.1.7)
    - Flipper-Glog
    - libevent (~> 2.1.12)
    - OpenSSL-Universal (= 1.1.180)
  - Flipper-Glog (0.3.6)
  - Flipper-PeerTalk (0.0.4)
  - Flipper-RSocket (1.4.3):
    - Flipper-Folly (~> 2.6)
  - FlipperKit (0.147.1):
    - FlipperKit/Core (= 0.147.1)
  - FlipperKit/Core (0.147.1):
    - Flipper (~> 0.147.1)
    - FlipperKit/CppBridge
    - FlipperKit/FBCxxFollyDynamicConvert
    - FlipperKit/FBDefines
    - FlipperKit/FKPortForwarding
    - SocketRocket (~> 0.6.0)
  - FlipperKit/CppBridge (0.147.1):
    - Flipper (~> 0.147.1)
  - FlipperKit/FBCxxFollyDynamicConvert (0.147.1):
    - Flipper-Folly (~> 2.6)
  - FlipperKit/FBDefines (0.147.1)
  - FlipperKit/FKPortForwarding (0.147.1):
    - CocoaAsyncSocket (~> 7.6)
    - Flipper-PeerTalk (~> 0.0.4)
  - FlipperKit/FlipperKitHighlightOverlay (0.147.1)
  - FlipperKit/FlipperKitLayoutHelpers (0.147.1):
    - FlipperKit/Core
    - FlipperKit/FlipperKitHighlightOverlay
    - FlipperKit/FlipperKitLayoutTextSearchable
  - FlipperKit/FlipperKitLayoutIOSDescriptors (0.147.1):
    - FlipperKit/Core
    - FlipperKit/FlipperKitHighlightOverlay
    - FlipperKit/FlipperKitLayoutHelpers
    - YogaKit (~> 1.18)
  - FlipperKit/FlipperKitLayoutPlugin (0.147.1):
    - FlipperKit/Core
    - FlipperKit/FlipperKitHighlightOverlay
    - FlipperKit/FlipperKitLayoutHelpers
    - FlipperKit/FlipperKitLayoutIOSDescriptors
    - FlipperKit/FlipperKitLayoutTextSearchable
    - YogaKit (~> 1.18)
  - FlipperKit/FlipperKitLayoutTextSearchable (0.147.1)
  - FlipperKit/FlipperKitNetworkPlugin (0.147.1):
    - FlipperKit/Core
  - FlipperKit/FlipperKitReactPlugin (0.147.1):
    - FlipperKit/Core
  - FlipperKit/FlipperKitUserDefaultsPlugin (0.147.1):
    - FlipperKit/Core
  - FlipperKit/SKIOSNetworkPlugin (0.147.1):
    - FlipperKit/Core
    - FlipperKit/FlipperKitNetworkPlugin
  - fmt (6.2.1)
  - glog (0.3.5)
  - GoogleDataTransport (9.1.4):
    - GoogleUtilities/Environment (~> 7.7)
    - nanopb (< 2.30910.0, >= 2.30908.0)
    - PromisesObjC (< 3.0, >= 1.2)
  - GoogleUtilities/Environment (7.7.0):
    - PromisesObjC (< 3.0, >= 1.2)
  - GoogleUtilities/Logger (7.7.0):
    - GoogleUtilities/Environment
  - libevent (2.1.12)
  - nanopb (2.30908.0):
    - nanopb/decode (= 2.30908.0)
    - nanopb/encode (= 2.30908.0)
  - nanopb/decode (2.30908.0)
  - nanopb/encode (2.30908.0)
  - OpenSSL-Universal (1.1.180)
  - PromisesObjC (2.1.0)
  - RCT-Folly (2021.06.28.00-v2):
    - boost
    - DoubleConversion
    - fmt (~> 6.2.1)
    - glog
    - RCT-Folly/Default (= 2021.06.28.00-v2)
  - RCT-Folly/Default (2021.06.28.00-v2):
    - boost
    - DoubleConversion
    - fmt (~> 6.2.1)
    - glog
  - RCTRequired (0.66.0)
  - RCTTypeSafety (0.66.0):
    - FBLazyVector (= 0.66.0)
    - RCT-Folly (= 2021.06.28.00-v2)
    - RCTRequired (= 0.66.0)
    - React-Core (= 0.66.0)
  - React (0.66.0):
    - React-Core (= 0.66.0)
    - React-Core/DevSupport (= 0.66.0)
    - React-Core/RCTWebSocket (= 0.66.0)
    - React-RCTActionSheet (= 0.66.0)
    - React-RCTAnimation (= 0.66.0)
    - React-RCTBlob (= 0.66.0)
    - React-RCTImage (= 0.66.0)
    - React-RCTLinking (= 0.66.0)
    - React-RCTNetwork (= 0.66.0)
    - React-RCTSettings (= 0.66.0)
    - React-RCTText (= 0.66.0)
    - React-RCTVibration (= 0.66.0)
  - React-callinvoker (0.66.0)
  - React-Core (0.66.0):
    - glog
    - RCT-Folly (= 2021.06.28.00-v2)
    - React-Core/Default (= 0.66.0)
    - React-cxxreact (= 0.66.0)
    - React-jsi (= 0.66.0)
    - React-jsiexecutor (= 0.66.0)
    - React-perflogger (= 0.66.0)
    - Yoga
  - React-Core/CoreModulesHeaders (0.66.0):
    - glog
    - RCT-Folly (= 2021.06.28.00-v2)
    - React-Core/Default
    - React-cxxreact (= 0.66.0)
    - React-jsi (= 0.66.0)
    - React-jsiexecutor (= 0.66.0)
    - React-perflogger (= 0.66.0)
    - Yoga
  - React-Core/Default (0.66.0):
    - glog
    - RCT-Folly (= 2021.06.28.00-v2)
    - React-cxxreact (= 0.66.0)
    - React-jsi (= 0.66.0)
    - React-jsiexecutor (= 0.66.0)
    - React-perflogger (= 0.66.0)
    - Yoga
  - React-Core/DevSupport (0.66.0):
    - glog
    - RCT-Folly (= 2021.06.28.00-v2)
    - React-Core/Default (= 0.66.0)
    - React-Core/RCTWebSocket (= 0.66.0)
    - React-cxxreact (= 0.66.0)
    - React-jsi (= 0.66.0)
    - React-jsiexecutor (= 0.66.0)
    - React-jsinspector (= 0.66.0)
    - React-perflogger (= 0.66.0)
    - Yoga
  - React-Core/RCTActionSheetHeaders (0.66.0):
    - glog
    - RCT-Folly (= 2021.06.28.00-v2)
    - React-Core/Default
    - React-cxxreact (= 0.66.0)
    - React-jsi (= 0.66.0)
    - React-jsiexecutor (= 0.66.0)
    - React-perflogger (= 0.66.0)
    - Yoga
  - React-Core/RCTAnimationHeaders (0.66.0):
    - glog
    - RCT-Folly (= 2021.06.28.00-v2)
    - React-Core/Default
    - React-cxxreact (= 0.66.0)
    - React-jsi (= 0.66.0)
    - React-jsiexecutor (= 0.66.0)
    - React-perflogger (= 0.66.0)
    - Yoga
  - React-Core/RCTBlobHeaders (0.66.0):
    - glog
    - RCT-Folly (= 2021.06.28.00-v2)
    - React-Core/Default
    - React-cxxreact (= 0.66.0)
    - React-jsi (= 0.66.0)
    - React-jsiexecutor (= 0.66.0)
    - React-perflogger (= 0.66.0)
    - Yoga
  - React-Core/RCTImageHeaders (0.66.0):
    - glog
    - RCT-Folly (= 2021.06.28.00-v2)
    - React-Core/Default
    - React-cxxreact (= 0.66.0)
    - React-jsi (= 0.66.0)
    - React-jsiexecutor (= 0.66.0)
    - React-perflogger (= 0.66.0)
    - Yoga
  - React-Core/RCTLinkingHeaders (0.66.0):
    - glog
    - RCT-Folly (= 2021.06.28.00-v2)
    - React-Core/Default
    - React-cxxreact (= 0.66.0)
    - React-jsi (= 0.66.0)
    - React-jsiexecutor (= 0.66.0)
    - React-perflogger (= 0.66.0)
    - Yoga
  - React-Core/RCTNetworkHeaders (0.66.0):
    - glog
    - RCT-Folly (= 2021.06.28.00-v2)
    - React-Core/Default
    - React-cxxreact (= 0.66.0)
    - React-jsi (= 0.66.0)
    - React-jsiexecutor (= 0.66.0)
    - React-perflogger (= 0.66.0)
    - Yoga
  - React-Core/RCTSettingsHeaders (0.66.0):
    - glog
    - RCT-Folly (= 2021.06.28.00-v2)
    - React-Core/Default
    - React-cxxreact (= 0.66.0)
    - React-jsi (= 0.66.0)
    - React-jsiexecutor (= 0.66.0)
    - React-perflogger (= 0.66.0)
    - Yoga
  - React-Core/RCTTextHeaders (0.66.0):
    - glog
    - RCT-Folly (= 2021.06.28.00-v2)
    - React-Core/Default
    - React-cxxreact (= 0.66.0)
    - React-jsi (= 0.66.0)
    - React-jsiexecutor (= 0.66.0)
    - React-perflogger (= 0.66.0)
    - Yoga
  - React-Core/RCTVibrationHeaders (0.66.0):
    - glog
    - RCT-Folly (= 2021.06.28.00-v2)
    - React-Core/Default
    - React-cxxreact (= 0.66.0)
    - React-jsi (= 0.66.0)
    - React-jsiexecutor (= 0.66.0)
    - React-perflogger (= 0.66.0)
    - Yoga
  - React-Core/RCTWebSocket (0.66.0):
    - glog
    - RCT-Folly (= 2021.06.28.00-v2)
    - React-Core/Default (= 0.66.0)
    - React-cxxreact (= 0.66.0)
    - React-jsi (= 0.66.0)
    - React-jsiexecutor (= 0.66.0)
    - React-perflogger (= 0.66.0)
    - Yoga
  - React-CoreModules (0.66.0):
    - FBReactNativeSpec (= 0.66.0)
    - RCT-Folly (= 2021.06.28.00-v2)
    - RCTTypeSafety (= 0.66.0)
    - React-Core/CoreModulesHeaders (= 0.66.0)
    - React-jsi (= 0.66.0)
    - React-RCTImage (= 0.66.0)
    - ReactCommon/turbomodule/core (= 0.66.0)
  - React-cxxreact (0.66.0):
    - boost (= 1.76.0)
    - DoubleConversion
    - glog
    - RCT-Folly (= 2021.06.28.00-v2)
    - React-callinvoker (= 0.66.0)
    - React-jsi (= 0.66.0)
    - React-jsinspector (= 0.66.0)
    - React-logger (= 0.66.0)
    - React-perflogger (= 0.66.0)
    - React-runtimeexecutor (= 0.66.0)
  - React-jsi (0.66.0):
    - boost (= 1.76.0)
    - DoubleConversion
    - glog
    - RCT-Folly (= 2021.06.28.00-v2)
    - React-jsi/Default (= 0.66.0)
  - React-jsi/Default (0.66.0):
    - boost (= 1.76.0)
    - DoubleConversion
    - glog
    - RCT-Folly (= 2021.06.28.00-v2)
  - React-jsiexecutor (0.66.0):
    - DoubleConversion
    - glog
    - RCT-Folly (= 2021.06.28.00-v2)
    - React-cxxreact (= 0.66.0)
    - React-jsi (= 0.66.0)
    - React-perflogger (= 0.66.0)
  - React-jsinspector (0.66.0)
  - React-logger (0.66.0):
    - glog
  - react-native-app-auth (6.4.3):
    - AppAuth (= 1.4.0)
    - React-Core
  - react-native-document-picker (8.1.0):
    - React-Core
  - react-native-flipper (0.143.0):
    - React-Core
  - react-native-safe-area-context (3.4.1):
    - React-Core
  - react-native-webview (11.23.0):
    - React-Core
  - React-perflogger (0.66.0)
  - React-RCTActionSheet (0.66.0):
    - React-Core/RCTActionSheetHeaders (= 0.66.0)
  - React-RCTAnimation (0.66.0):
    - FBReactNativeSpec (= 0.66.0)
    - RCT-Folly (= 2021.06.28.00-v2)
    - RCTTypeSafety (= 0.66.0)
    - React-Core/RCTAnimationHeaders (= 0.66.0)
    - React-jsi (= 0.66.0)
    - ReactCommon/turbomodule/core (= 0.66.0)
  - React-RCTBlob (0.66.0):
    - FBReactNativeSpec (= 0.66.0)
    - RCT-Folly (= 2021.06.28.00-v2)
    - React-Core/RCTBlobHeaders (= 0.66.0)
    - React-Core/RCTWebSocket (= 0.66.0)
    - React-jsi (= 0.66.0)
    - React-RCTNetwork (= 0.66.0)
    - ReactCommon/turbomodule/core (= 0.66.0)
  - React-RCTImage (0.66.0):
    - FBReactNativeSpec (= 0.66.0)
    - RCT-Folly (= 2021.06.28.00-v2)
    - RCTTypeSafety (= 0.66.0)
    - React-Core/RCTImageHeaders (= 0.66.0)
    - React-jsi (= 0.66.0)
    - React-RCTNetwork (= 0.66.0)
    - ReactCommon/turbomodule/core (= 0.66.0)
  - React-RCTLinking (0.66.0):
    - FBReactNativeSpec (= 0.66.0)
    - React-Core/RCTLinkingHeaders (= 0.66.0)
    - React-jsi (= 0.66.0)
    - ReactCommon/turbomodule/core (= 0.66.0)
  - React-RCTNetwork (0.66.0):
    - FBReactNativeSpec (= 0.66.0)
    - RCT-Folly (= 2021.06.28.00-v2)
    - RCTTypeSafety (= 0.66.0)
    - React-Core/RCTNetworkHeaders (= 0.66.0)
    - React-jsi (= 0.66.0)
    - ReactCommon/turbomodule/core (= 0.66.0)
  - React-RCTSettings (0.66.0):
    - FBReactNativeSpec (= 0.66.0)
    - RCT-Folly (= 2021.06.28.00-v2)
    - RCTTypeSafety (= 0.66.0)
    - React-Core/RCTSettingsHeaders (= 0.66.0)
    - React-jsi (= 0.66.0)
    - ReactCommon/turbomodule/core (= 0.66.0)
  - React-RCTText (0.66.0):
    - React-Core/RCTTextHeaders (= 0.66.0)
  - React-RCTVibration (0.66.0):
    - FBReactNativeSpec (= 0.66.0)
    - RCT-Folly (= 2021.06.28.00-v2)
    - React-Core/RCTVibrationHeaders (= 0.66.0)
    - React-jsi (= 0.66.0)
    - ReactCommon/turbomodule/core (= 0.66.0)
  - React-runtimeexecutor (0.66.0):
    - React-jsi (= 0.66.0)
  - ReactCommon/turbomodule/core (0.66.0):
    - DoubleConversion
    - glog
    - RCT-Folly (= 2021.06.28.00-v2)
    - React-callinvoker (= 0.66.0)
    - React-Core (= 0.66.0)
    - React-cxxreact (= 0.66.0)
    - React-jsi (= 0.66.0)
    - React-logger (= 0.66.0)
    - React-perflogger (= 0.66.0)
  - RNCAsyncStorage (1.17.3):
    - React-Core
  - RNDateTimePicker (3.5.2):
    - React-Core
  - RNFBApp (12.9.1):
    - Firebase/CoreOnly (= 8.8.0)
    - React-Core
  - RNGestureHandler (2.4.1):
    - React-Core
  - RNImageCropPicker (0.37.3):
    - React-Core
    - React-RCTImage
    - RNImageCropPicker/QBImagePickerController (= 0.37.3)
    - TOCropViewController
  - RNImageCropPicker/QBImagePickerController (0.37.3):
    - React-Core
    - React-RCTImage
    - TOCropViewController
  - RNLocalize (2.2.1):
    - React-Core
  - RNScreens (3.13.1):
    - React-Core
    - React-RCTImage
  - RNSentry (3.4.2):
    - React-Core
    - Sentry (= 7.11.0)
  - RNSVG (12.3.0):
    - React-Core
  - RNVectorIcons (9.1.0):
    - React-Core
  - Sentry (7.11.0):
    - Sentry/Core (= 7.11.0)
  - Sentry/Core (7.11.0)
  - SocketRocket (0.6.0)
  - TOCropViewController (2.6.1)
  - UMAppLoader (2.2.0)
  - UMCore (7.1.2)
  - UMReactNativeAdapter (6.3.9):
    - ExpoModulesCore
    - React-Core
    - UMCore
  - UMTaskManagerInterface (6.2.0):
    - UMCore
  - Yoga (1.14.0)
  - YogaKit (1.18.1):
    - Yoga (~> 1.14)

DEPENDENCIES:
  - boost (from `../node_modules/react-native/third-party-podspecs/boost.podspec`)
  - DoubleConversion (from `../node_modules/react-native/third-party-podspecs/DoubleConversion.podspec`)
  - EXConstants (from `../node_modules/expo-constants/ios`)
  - EXFileSystem (from `../node_modules/expo-file-system/ios`)
  - EXImageLoader (from `../node_modules/expo-image-loader/ios`)
  - ExpoModulesCore (from `../node_modules/expo-modules-core/ios`)
  - EXSecureStore (from `../node_modules/expo-secure-store/ios`)
  - FBLazyVector (from `../node_modules/react-native/Libraries/FBLazyVector`)
  - FBReactNativeSpec (from `../node_modules/react-native/React/FBReactNativeSpec`)
  - Flipper (= 0.147.1)
  - Flipper-Boost-iOSX (= 1.76.0.1.11)
  - Flipper-DoubleConversion (= 3.1.7)
  - Flipper-Fmt (= 7.1.7)
  - Flipper-Folly (= 2.6.7)
  - Flipper-Glog (= 0.3.6)
  - Flipper-PeerTalk (= 0.0.4)
  - Flipper-RSocket (= 1.4.3)
  - FlipperKit (= 0.147.1)
  - FlipperKit/Core (= 0.147.1)
  - FlipperKit/CppBridge (= 0.147.1)
  - FlipperKit/FBCxxFollyDynamicConvert (= 0.147.1)
  - FlipperKit/FBDefines (= 0.147.1)
  - FlipperKit/FKPortForwarding (= 0.147.1)
  - FlipperKit/FlipperKitHighlightOverlay (= 0.147.1)
  - FlipperKit/FlipperKitLayoutPlugin (= 0.147.1)
  - FlipperKit/FlipperKitLayoutTextSearchable (= 0.147.1)
  - FlipperKit/FlipperKitNetworkPlugin (= 0.147.1)
  - FlipperKit/FlipperKitReactPlugin (= 0.147.1)
  - FlipperKit/FlipperKitUserDefaultsPlugin (= 0.147.1)
  - FlipperKit/SKIOSNetworkPlugin (= 0.147.1)
  - glog (from `../node_modules/react-native/third-party-podspecs/glog.podspec`)
  - RCT-Folly (from `../node_modules/react-native/third-party-podspecs/RCT-Folly.podspec`)
  - RCTRequired (from `../node_modules/react-native/Libraries/RCTRequired`)
  - RCTTypeSafety (from `../node_modules/react-native/Libraries/TypeSafety`)
  - React (from `../node_modules/react-native/`)
  - React-callinvoker (from `../node_modules/react-native/ReactCommon/callinvoker`)
  - React-Core (from `../node_modules/react-native/`)
  - React-Core/DevSupport (from `../node_modules/react-native/`)
  - React-Core/RCTWebSocket (from `../node_modules/react-native/`)
  - React-CoreModules (from `../node_modules/react-native/React/CoreModules`)
  - React-cxxreact (from `../node_modules/react-native/ReactCommon/cxxreact`)
  - React-jsi (from `../node_modules/react-native/ReactCommon/jsi`)
  - React-jsiexecutor (from `../node_modules/react-native/ReactCommon/jsiexecutor`)
  - React-jsinspector (from `../node_modules/react-native/ReactCommon/jsinspector`)
  - React-logger (from `../node_modules/react-native/ReactCommon/logger`)
  - react-native-app-auth (from `../node_modules/react-native-app-auth`)
  - react-native-document-picker (from `../node_modules/react-native-document-picker`)
  - react-native-flipper (from `../node_modules/react-native-flipper`)
  - react-native-safe-area-context (from `../node_modules/react-native-safe-area-context`)
  - react-native-webview (from `../node_modules/react-native-webview`)
  - React-perflogger (from `../node_modules/react-native/ReactCommon/reactperflogger`)
  - React-RCTActionSheet (from `../node_modules/react-native/Libraries/ActionSheetIOS`)
  - React-RCTAnimation (from `../node_modules/react-native/Libraries/NativeAnimation`)
  - React-RCTBlob (from `../node_modules/react-native/Libraries/Blob`)
  - React-RCTImage (from `../node_modules/react-native/Libraries/Image`)
  - React-RCTLinking (from `../node_modules/react-native/Libraries/LinkingIOS`)
  - React-RCTNetwork (from `../node_modules/react-native/Libraries/Network`)
  - React-RCTSettings (from `../node_modules/react-native/Libraries/Settings`)
  - React-RCTText (from `../node_modules/react-native/Libraries/Text`)
  - React-RCTVibration (from `../node_modules/react-native/Libraries/Vibration`)
  - React-runtimeexecutor (from `../node_modules/react-native/ReactCommon/runtimeexecutor`)
  - ReactCommon/turbomodule/core (from `../node_modules/react-native/ReactCommon`)
  - "RNCAsyncStorage (from `../node_modules/@react-native-async-storage/async-storage`)"
  - "RNDateTimePicker (from `../node_modules/@react-native-community/datetimepicker`)"
  - "RNFBApp (from `../node_modules/@react-native-firebase/app`)"
  - RNGestureHandler (from `../node_modules/react-native-gesture-handler`)
  - RNImageCropPicker (from `../node_modules/react-native-image-crop-picker`)
  - RNLocalize (from `../node_modules/react-native-localize`)
  - RNScreens (from `../node_modules/react-native-screens`)
  - "RNSentry (from `../node_modules/@sentry/react-native`)"
  - RNSVG (from `../node_modules/react-native-svg`)
  - RNVectorIcons (from `../node_modules/react-native-vector-icons`)
  - UMAppLoader (from `../node_modules/unimodules-app-loader/ios`)
  - "UMCore (from `../node_modules/@unimodules/core/ios`)"
  - "UMReactNativeAdapter (from `../node_modules/@unimodules/react-native-adapter/ios`)"
  - UMTaskManagerInterface (from `../node_modules/unimodules-task-manager-interface/ios`)
  - Yoga (from `../node_modules/react-native/ReactCommon/yoga`)

SPEC REPOS:
  trunk:
    - AppAuth
    - CocoaAsyncSocket
    - Firebase
    - FirebaseCore
    - FirebaseCoreDiagnostics
    - Flipper
    - Flipper-Boost-iOSX
    - Flipper-DoubleConversion
    - Flipper-Fmt
    - Flipper-Folly
    - Flipper-Glog
    - Flipper-PeerTalk
    - Flipper-RSocket
    - FlipperKit
    - fmt
    - GoogleDataTransport
    - GoogleUtilities
    - libevent
    - nanopb
    - OpenSSL-Universal
    - PromisesObjC
    - Sentry
    - SocketRocket
    - TOCropViewController
    - YogaKit

EXTERNAL SOURCES:
  boost:
    :podspec: "../node_modules/react-native/third-party-podspecs/boost.podspec"
  DoubleConversion:
    :podspec: "../node_modules/react-native/third-party-podspecs/DoubleConversion.podspec"
  EXConstants:
    :path: "../node_modules/expo-constants/ios"
  EXFileSystem:
    :path: "../node_modules/expo-file-system/ios"
  EXImageLoader:
    :path: "../node_modules/expo-image-loader/ios"
  ExpoModulesCore:
    :path: "../node_modules/expo-modules-core/ios"
  EXSecureStore:
    :path: "../node_modules/expo-secure-store/ios"
  FBLazyVector:
    :path: "../node_modules/react-native/Libraries/FBLazyVector"
  FBReactNativeSpec:
    :path: "../node_modules/react-native/React/FBReactNativeSpec"
  glog:
    :podspec: "../node_modules/react-native/third-party-podspecs/glog.podspec"
  RCT-Folly:
    :podspec: "../node_modules/react-native/third-party-podspecs/RCT-Folly.podspec"
  RCTRequired:
    :path: "../node_modules/react-native/Libraries/RCTRequired"
  RCTTypeSafety:
    :path: "../node_modules/react-native/Libraries/TypeSafety"
  React:
    :path: "../node_modules/react-native/"
  React-callinvoker:
    :path: "../node_modules/react-native/ReactCommon/callinvoker"
  React-Core:
    :path: "../node_modules/react-native/"
  React-CoreModules:
    :path: "../node_modules/react-native/React/CoreModules"
  React-cxxreact:
    :path: "../node_modules/react-native/ReactCommon/cxxreact"
  React-jsi:
    :path: "../node_modules/react-native/ReactCommon/jsi"
  React-jsiexecutor:
    :path: "../node_modules/react-native/ReactCommon/jsiexecutor"
  React-jsinspector:
    :path: "../node_modules/react-native/ReactCommon/jsinspector"
  React-logger:
    :path: "../node_modules/react-native/ReactCommon/logger"
  react-native-app-auth:
    :path: "../node_modules/react-native-app-auth"
  react-native-document-picker:
    :path: "../node_modules/react-native-document-picker"
  react-native-flipper:
    :path: "../node_modules/react-native-flipper"
  react-native-safe-area-context:
    :path: "../node_modules/react-native-safe-area-context"
  react-native-webview:
    :path: "../node_modules/react-native-webview"
  React-perflogger:
    :path: "../node_modules/react-native/ReactCommon/reactperflogger"
  React-RCTActionSheet:
    :path: "../node_modules/react-native/Libraries/ActionSheetIOS"
  React-RCTAnimation:
    :path: "../node_modules/react-native/Libraries/NativeAnimation"
  React-RCTBlob:
    :path: "../node_modules/react-native/Libraries/Blob"
  React-RCTImage:
    :path: "../node_modules/react-native/Libraries/Image"
  React-RCTLinking:
    :path: "../node_modules/react-native/Libraries/LinkingIOS"
  React-RCTNetwork:
    :path: "../node_modules/react-native/Libraries/Network"
  React-RCTSettings:
    :path: "../node_modules/react-native/Libraries/Settings"
  React-RCTText:
    :path: "../node_modules/react-native/Libraries/Text"
  React-RCTVibration:
    :path: "../node_modules/react-native/Libraries/Vibration"
  React-runtimeexecutor:
    :path: "../node_modules/react-native/ReactCommon/runtimeexecutor"
  ReactCommon:
    :path: "../node_modules/react-native/ReactCommon"
  RNCAsyncStorage:
    :path: "../node_modules/@react-native-async-storage/async-storage"
  RNDateTimePicker:
    :path: "../node_modules/@react-native-community/datetimepicker"
  RNFBApp:
    :path: "../node_modules/@react-native-firebase/app"
  RNGestureHandler:
    :path: "../node_modules/react-native-gesture-handler"
  RNImageCropPicker:
    :path: "../node_modules/react-native-image-crop-picker"
  RNLocalize:
    :path: "../node_modules/react-native-localize"
  RNScreens:
    :path: "../node_modules/react-native-screens"
  RNSentry:
    :path: "../node_modules/@sentry/react-native"
  RNSVG:
    :path: "../node_modules/react-native-svg"
  RNVectorIcons:
    :path: "../node_modules/react-native-vector-icons"
  UMAppLoader:
    :path: "../node_modules/unimodules-app-loader/ios"
  UMCore:
    :path: "../node_modules/@unimodules/core/ios"
  UMReactNativeAdapter:
    :path: "../node_modules/@unimodules/react-native-adapter/ios"
  UMTaskManagerInterface:
    :path: "../node_modules/unimodules-task-manager-interface/ios"
  Yoga:
    :path: "../node_modules/react-native/ReactCommon/yoga"

SPEC CHECKSUMS:
  AppAuth: 31bcec809a638d7bd2f86ea8a52bd45f6e81e7c7
  boost: a7c83b31436843459a1961bfd74b96033dc77234
  CocoaAsyncSocket: 065fd1e645c7abab64f7a6a2007a48038fdc6a99
  DoubleConversion: 831926d9b8bf8166fd87886c4abab286c2422662
  EXConstants: d0969e870d37f824cc940751d8e7e3c50afe6063
  EXFileSystem: 94496f1160b0bf7f000fe04e38ecb2aa63083a2c
  EXImageLoader: 6494524ac2b99af4edcacada0e19c71600423e59
  ExpoModulesCore: 730c7158b2fb179ba5921230e56a083a2304974d
  EXSecureStore: 051e95a9624704313c50e8c95ee65033ce210aee
  FBLazyVector: 6816ca39e1cc8beffd2a96783f518296789d1c48
  FBReactNativeSpec: 3b1e86618e902743fde35b40cf9ebd100fd655b7
  Firebase: 629510f1a9ddb235f3a7c5c8ceb23ba887f0f814
  FirebaseCore: 98b29e3828f0a53651c363937a7f7d92a19f1ba2
  FirebaseCoreDiagnostics: 92e07a649aeb66352b319d43bdd2ee3942af84cb
  Flipper: 2d507b2c31fb31b0757982ee1525478c75192a82
  Flipper-Boost-iOSX: fd1e2b8cbef7e662a122412d7ac5f5bea715403c
  Flipper-DoubleConversion: 57ffbe81ef95306cc9e69c4aa3aeeeeb58a6a28c
  Flipper-Fmt: 60cbdd92fc254826e61d669a5d87ef7015396a9b
  Flipper-Folly: 83af37379faa69497529e414bd43fbfc7cae259a
  Flipper-Glog: 1dfd6abf1e922806c52ceb8701a3599a79a200a6
  Flipper-PeerTalk: 116d8f857dc6ef55c7a5a75ea3ceaafe878aadc9
  Flipper-RSocket: d9d9ade67cbecf6ac10730304bf5607266dd2541
  FlipperKit: 0993c5e19ed2a1ee14b9a9b41caed86a2268edb2
  fmt: ff9d55029c625d3757ed641535fd4a75fedc7ce9
  glog: 5337263514dd6f09803962437687240c5dc39aa4
  GoogleDataTransport: 5fffe35792f8b96ec8d6775f5eccd83c998d5a3b
  GoogleUtilities: e0913149f6b0625b553d70dae12b49fc62914fd1
  libevent: 4049cae6c81cdb3654a443be001fb9bdceff7913
  nanopb: a0ba3315591a9ae0a16a309ee504766e90db0c96
  OpenSSL-Universal: 1aa4f6a6ee7256b83db99ec1ccdaa80d10f9af9b
  PromisesObjC: 99b6f43f9e1044bd87a95a60beff28c2c44ddb72
  RCT-Folly: a21c126816d8025b547704b777a2ba552f3d9fa9
  RCTRequired: e4a18a90004e0ed97bba9081099104fd0f658dc9
  RCTTypeSafety: 8a3c31d38de58e1a6a7df6e4e643644a60b00e22
  React: 2b1d0dc3c23e01b754588a74a5b265282d9eb61e
  React-callinvoker: 57c195e780695285fa56e61efdbc0ca0e9204484
  React-Core: 45e4b3c57b0b5fdbb24bc6a63a964870c0405955
  React-CoreModules: d7bb1ae3436eddd85a7eb6d5e928f8c1655d87db
  React-cxxreact: 60c850e9997b21ee302757c36a460efc944183e7
  React-jsi: 38d68cb1b53843703100830d530342b32f8e0878
  React-jsiexecutor: 6a05173dc0142abc582bd4edd2d23146b8cc218a
  React-jsinspector: be95ad424ba9f7b817aff22732eb9b1b810a000a
  React-logger: 9a9cd87d4ea681ae929b32ef580638ff1b50fb24
  react-native-app-auth: bd3be305a5cbac5baa8574253480d90b5c5522e7
  react-native-document-picker: e54f06b94104d91f651db1db378898fe2ba7050b
  react-native-flipper: df8e2a7e5dcc857033d925ad8c7e8c52760b8e06
  react-native-safe-area-context: 5b8a418400eb3d8364aa87300e865c0262cc17b9
  react-native-webview: c09ea739796b91286ae1f581d2db536b48c33911
  React-perflogger: 1f554c2b684e2f484f9edcdfdaeedab039fbaca8
  React-RCTActionSheet: 610d5a5d71ab4808734782c8bca6a12ec3563672
  React-RCTAnimation: ec6ed97370ace32724c253f29f0586cafcab8126
  React-RCTBlob: b3270d498ff240f49c50e1bc950b6e5fd48886ba
  React-RCTImage: 23d5e26669b31230bea3fd99eb703af699e5d61a
  React-RCTLinking: edaaee9dee82b79e90e7b903d8913fa72284fbba
  React-RCTNetwork: e8825053dd1b5c2a0e1aa3cf1127750b624f90c0
  React-RCTSettings: 40d7ae987031c5dc561d11cd3a15cc1245a11d42
  React-RCTText: 6e104479d4f0bb593b4cf90b6fc6e5390c12ccde
  React-RCTVibration: 53b92d54b923283638cb0186da7a5c2d2b70a49b
  React-runtimeexecutor: 4bb657a97aa74568d9ed634c8bd478299bb8a3a6
  ReactCommon: eb059748e842a1a86025ebbd4ac9d99e74492f88
  RNCAsyncStorage: bef53cb70c06b8eff11bab4a848de86ad4488c39
  RNDateTimePicker: c9911be59b1f8670b9f244b85af3a7c295e175ed
  RNFBApp: ece97bfe0a926247591c0aa0bdfe384f06cf46b5
  RNGestureHandler: 4f4986408310a43f1606c391f38f76e0d6e790d5
  RNImageCropPicker: 44e2807bc410741f35d4c45b6586aedfe3da39d2
  RNLocalize: 414c99a0f6625a58dfee7f5780678d98c4ffabc2
  RNScreens: 40a2cb40a02a609938137a1e0acfbf8fc9eebf19
  RNSentry: 2cd1daa124b0d9fd0dfc2cb6094fdd168cb579bc
  RNSVG: 302bfc9905bd8122f08966dc2ce2d07b7b52b9f8
  RNVectorIcons: 7923e585eaeb139b9f4531d25a125a1500162a0b
  Sentry: 0c5cd63d714187b4a39c331c1f0eb04ba7868341
  SocketRocket: fccef3f9c5cedea1353a9ef6ada904fde10d6608
  TOCropViewController: edfd4f25713d56905ad1e0b9f5be3fbe0f59c863
  UMAppLoader: db2dae4bc3085e21f56d6d9cf7783d08c5999af4
  UMCore: ad33bbda30dee343a248e3696f30502092d9842d
  UMReactNativeAdapter: c10564ac78d5117d448b75b87862173deb043ec5
  UMTaskManagerInterface: 75462b0d8580ec91ae23f88a4f9271a3130efb02
  Yoga: c11abbf5809216c91fcd62f5571078b83d9b6720
  YogaKit: f782866e155069a2cca2517aafea43200b01fd5a

PODFILE CHECKSUM: cba643efaad56e9e6259570fb540d44b91d36f06

COCOAPODS: 1.11.3
